// !$*UTF8*$!
{
	archiveVersion = 1;
	classes = {
	};
	objectVersion = 56;
	objects = {

/* Begin PBXBuildFile section */
		0C4050702AFA6F8A00DA236F /* CircleImage.swift in Sources */ = {isa = PBXBuildFile; fileRef = 0C40506F2AFA6F8A00DA236F /* CircleImage.swift */; };
		0C4050722AFA6FB700DA236F /* MapView.swift in Sources */ = {isa = PBXBuildFile; fileRef = 0C4050712AFA6FB700DA236F /* MapView.swift */; };
		0CA12B592B03A3BC0000B2BA /* Modifier.swift in Sources */ = {isa = PBXBuildFile; fileRef = 0CA12B582B03A3BC0000B2BA /* Modifier.swift */; };
		0CA12B752B0CEBD20000B2BA /* landmarkData.json in Resources */ = {isa = PBXBuildFile; fileRef = 0CA12B742B0CEBD20000B2BA /* landmarkData.json */; };
		0CA12B772B0CEC0D0000B2BA /* Landmark.swift in Sources */ = {isa = PBXBuildFile; fileRef = 0CA12B762B0CEC0D0000B2BA /* Landmark.swift */; };
		0CA12B792B0E44C60000B2BA /* ModelData.swift in Sources */ = {isa = PBXBuildFile; fileRef = 0CA12B782B0E44C60000B2BA /* ModelData.swift */; };
		0CA12B802B0E46DA0000B2BA /* LandMarkRow.swift in Sources */ = {isa = PBXBuildFile; fileRef = 0CA12B7F2B0E46DA0000B2BA /* LandMarkRow.swift */; };
		0CA8FAEA2AE6B5400050D1A6 /* LandMarksAppApp.swift in Sources */ = {isa = PBXBuildFile; fileRef = 0CA8FAE92AE6B5400050D1A6 /* LandMarksAppApp.swift */; };
		0CA8FAEC2AE6B5400050D1A6 /* ContentView.swift in Sources */ = {isa = PBXBuildFile; fileRef = 0CA8FAEB2AE6B5400050D1A6 /* ContentView.swift */; };
		0CA8FAEE2AE6B5410050D1A6 /* Assets.xcassets in Resources */ = {isa = PBXBuildFile; fileRef = 0CA8FAED2AE6B5410050D1A6 /* Assets.xcassets */; };
		0CA8FAF12AE6B5410050D1A6 /* Preview Assets.xcassets in Resources */ = {isa = PBXBuildFile; fileRef = 0CA8FAF02AE6B5410050D1A6 /* Preview Assets.xcassets */; };
		0CE521B42B17796500DF0DD7 /* LandmarkList.swift in Sources */ = {isa = PBXBuildFile; fileRef = 0CE521B32B17796500DF0DD7 /* LandmarkList.swift */; };
		0CE521B62B18CFD700DF0DD7 /* LandmarkDetail.swift in Sources */ = {isa = PBXBuildFile; fileRef = 0CE521B52B18CFD700DF0DD7 /* LandmarkDetail.swift */; };
/* End PBXBuildFile section */

/* Begin PBXFileReference section */
		0C40506F2AFA6F8A00DA236F /* CircleImage.swift */ = {isa = PBXFileReference; lastKnownFileType = sourcecode.swift; path = CircleImage.swift; sourceTree = "<group>"; };
		0C4050712AFA6FB700DA236F /* MapView.swift */ = {isa = PBXFileReference; lastKnownFileType = sourcecode.swift; path = MapView.swift; sourceTree = "<group>"; };
		0CA12B582B03A3BC0000B2BA /* Modifier.swift */ = {isa = PBXFileReference; lastKnownFileType = sourcecode.swift; path = Modifier.swift; sourceTree = "<group>"; };
		0CA12B742B0CEBD20000B2BA /* landmarkData.json */ = {isa = PBXFileReference; fileEncoding = 4; lastKnownFileType = text.json; path = landmarkData.json; sourceTree = "<group>"; };
		0CA12B762B0CEC0D0000B2BA /* Landmark.swift */ = {isa = PBXFileReference; lastKnownFileType = sourcecode.swift; path = Landmark.swift; sourceTree = "<group>"; };
		0CA12B782B0E44C60000B2BA /* ModelData.swift */ = {isa = PBXFileReference; lastKnownFileType = sourcecode.swift; path = ModelData.swift; sourceTree = "<group>"; };
		0CA12B7F2B0E46DA0000B2BA /* LandMarkRow.swift */ = {isa = PBXFileReference; lastKnownFileType = sourcecode.swift; path = LandMarkRow.swift; sourceTree = "<group>"; };
		0CA8FAE62AE6B5400050D1A6 /* LandMarksApp.app */ = {isa = PBXFileReference; explicitFileType = wrapper.application; includeInIndex = 0; path = LandMarksApp.app; sourceTree = BUILT_PRODUCTS_DIR; };
		0CA8FAE92AE6B5400050D1A6 /* LandMarksAppApp.swift */ = {isa = PBXFileReference; lastKnownFileType = sourcecode.swift; path = LandMarksAppApp.swift; sourceTree = "<group>"; };
		0CA8FAEB2AE6B5400050D1A6 /* ContentView.swift */ = {isa = PBXFileReference; lastKnownFileType = sourcecode.swift; path = ContentView.swift; sourceTree = "<group>"; };
		0CA8FAED2AE6B5410050D1A6 /* Assets.xcassets */ = {isa = PBXFileReference; lastKnownFileType = folder.assetcatalog; path = Assets.xcassets; sourceTree = "<group>"; };
		0CA8FAF02AE6B5410050D1A6 /* Preview Assets.xcassets */ = {isa = PBXFileReference; lastKnownFileType = folder.assetcatalog; path = "Preview Assets.xcassets"; sourceTree = "<group>"; };
		0CE521B32B17796500DF0DD7 /* LandmarkList.swift */ = {isa = PBXFileReference; lastKnownFileType = sourcecode.swift; path = LandmarkList.swift; sourceTree = "<group>"; };
		0CE521B52B18CFD700DF0DD7 /* LandmarkDetail.swift */ = {isa = PBXFileReference; lastKnownFileType = sourcecode.swift; path = LandmarkDetail.swift; sourceTree = "<group>"; };
/* End PBXFileReference section */

/* Begin PBXFrameworksBuildPhase section */
		0CA8FAE32AE6B5400050D1A6 /* Frameworks */ = {
			isa = PBXFrameworksBuildPhase;
			buildActionMask = 2147483647;
			files = (
			);
			runOnlyForDeploymentPostprocessing = 0;
		};
/* End PBXFrameworksBuildPhase section */

/* Begin PBXGroup section */
		0CA12B7A2B0E46150000B2BA /* Views */ = {
			isa = PBXGroup;
			children = (
				0CA8FAEB2AE6B5400050D1A6 /* ContentView.swift */,
				0C40506F2AFA6F8A00DA236F /* CircleImage.swift */,
				0C4050712AFA6FB700DA236F /* MapView.swift */,
				0CA12B7F2B0E46DA0000B2BA /* LandMarkRow.swift */,
				0CE521B32B17796500DF0DD7 /* LandmarkList.swift */,
				0CE521B52B18CFD700DF0DD7 /* LandmarkDetail.swift */,
			);
			path = Views;
			sourceTree = "<group>";
		};
		0CA12B7B2B0E46240000B2BA /* Model */ = {
			isa = PBXGroup;
			children = (
				0CA12B782B0E44C60000B2BA /* ModelData.swift */,
				0CA12B762B0CEC0D0000B2BA /* Landmark.swift */,
			);
			path = Model;
			sourceTree = "<group>";
		};
		0CA12B7E2B0E46900000B2BA /* Resources */ = {
			isa = PBXGroup;
			children = (
				0CA12B742B0CEBD20000B2BA /* landmarkData.json */,
			);
			path = Resources;
			sourceTree = "<group>";
		};
		0CA8FADD2AE6B5400050D1A6 = {
			isa = PBXGroup;
			children = (
				0CA8FAE82AE6B5400050D1A6 /* LandMarksApp */,
				0CA8FAE72AE6B5400050D1A6 /* Products */,
			);
			sourceTree = "<group>";
		};
		0CA8FAE72AE6B5400050D1A6 /* Products */ = {
			isa = PBXGroup;
			children = (
				0CA8FAE62AE6B5400050D1A6 /* LandMarksApp.app */,
			);
			name = Products;
			sourceTree = "<group>";
		};
		0CA8FAE82AE6B5400050D1A6 /* LandMarksApp */ = {
			isa = PBXGroup;
			children = (
				0CA8FAE92AE6B5400050D1A6 /* LandMarksAppApp.swift */,
				0CA12B7A2B0E46150000B2BA /* Views */,
				0CA12B7B2B0E46240000B2BA /* Model */,
				0CA12B7E2B0E46900000B2BA /* Resources */,
				0CA8FAED2AE6B5410050D1A6 /* Assets.xcassets */,
				0CA8FAEF2AE6B5410050D1A6 /* Preview Content */,
				0CA12B582B03A3BC0000B2BA /* Modifier.swift */,
			);
			path = LandMarksApp;
			sourceTree = "<group>";
		};
		0CA8FAEF2AE6B5410050D1A6 /* Preview Content */ = {
			isa = PBXGroup;
			children = (
				0CA8FAF02AE6B5410050D1A6 /* Preview Assets.xcassets */,
			);
			path = "Preview Content";
			sourceTree = "<group>";
		};
/* End PBXGroup section */

/* Begin PBXNativeTarget section */
		0CA8FAE52AE6B5400050D1A6 /* LandMarksApp */ = {
			isa = PBXNativeTarget;
			buildConfigurationList = 0CA8FAF42AE6B5410050D1A6 /* Build configuration list for PBXNativeTarget "LandMarksApp" */;
			buildPhases = (
				0CA8FAE22AE6B5400050D1A6 /* Sources */,
				0CA8FAE32AE6B5400050D1A6 /* Frameworks */,
				0CA8FAE42AE6B5400050D1A6 /* Resources */,
			);
			buildRules = (
			);
			dependencies = (
			);
			name = LandMarksApp;
			productName = LandMarksApp;
			productReference = 0CA8FAE62AE6B5400050D1A6 /* LandMarksApp.app */;
			productType = "com.apple.product-type.application";
		};
/* End PBXNativeTarget section */

/* Begin PBXProject section */
		0CA8FADE2AE6B5400050D1A6 /* Project object */ = {
			isa = PBXProject;
			attributes = {
				BuildIndependentTargetsInParallel = 1;
				LastSwiftUpdateCheck = 1430;
				LastUpgradeCheck = 1500;
				TargetAttributes = {
					0CA8FAE52AE6B5400050D1A6 = {
						CreatedOnToolsVersion = 14.3.1;
					};
				};
			};
			buildConfigurationList = 0CA8FAE12AE6B5400050D1A6 /* Build configuration list for PBXProject "LandMarksApp" */;
			compatibilityVersion = "Xcode 14.0";
			developmentRegion = en;
			hasScannedForEncodings = 0;
			knownRegions = (
				en,
				Base,
			);
			mainGroup = 0CA8FADD2AE6B5400050D1A6;
			productRefGroup = 0CA8FAE72AE6B5400050D1A6 /* Products */;
			projectDirPath = "";
			projectRoot = "";
			targets = (
				0CA8FAE52AE6B5400050D1A6 /* LandMarksApp */,
			);
		};
/* End PBXProject section */

/* Begin PBXResourcesBuildPhase section */
		0CA8FAE42AE6B5400050D1A6 /* Resources */ = {
			isa = PBXResourcesBuildPhase;
			buildActionMask = 2147483647;
			files = (
				0CA8FAF12AE6B5410050D1A6 /* Preview Assets.xcassets in Resources */,
				0CA8FAEE2AE6B5410050D1A6 /* Assets.xcassets in Resources */,
				0CA12B752B0CEBD20000B2BA /* landmarkData.json in Resources */,
			);
			runOnlyForDeploymentPostprocessing = 0;
		};
/* End PBXResourcesBuildPhase section */

/* Begin PBXSourcesBuildPhase section */
		0CA8FAE22AE6B5400050D1A6 /* Sources */ = {
			isa = PBXSourcesBuildPhase;
			buildActionMask = 2147483647;
			files = (
				0CA8FAEC2AE6B5400050D1A6 /* ContentView.swift in Sources */,
				0C4050722AFA6FB700DA236F /* MapView.swift in Sources */,
				0CA8FAEA2AE6B5400050D1A6 /* LandMarksAppApp.swift in Sources */,
				0CA12B772B0CEC0D0000B2BA /* Landmark.swift in Sources */,
				0CE521B42B17796500DF0DD7 /* LandmarkList.swift in Sources */,
				0C4050702AFA6F8A00DA236F /* CircleImage.swift in Sources */,
				0CA12B592B03A3BC0000B2BA /* Modifier.swift in Sources */,
				0CA12B802B0E46DA0000B2BA /* LandMarkRow.swift in Sources */,
				0CE521B62B18CFD700DF0DD7 /* LandmarkDetail.swift in Sources */,
				0CA12B792B0E44C60000B2BA /* ModelData.swift in Sources */,
			);
			runOnlyForDeploymentPostprocessing = 0;
		};
/* End PBXSourcesBuildPhase section */

/* Begin XCBuildConfiguration section */
		0CA8FAF22AE6B5410050D1A6 /* Debug */ = {
			isa = XCBuildConfiguration;
			buildSettings = {
				ALWAYS_SEARCH_USER_PATHS = NO;
				CLANG_ANALYZER_NONNULL = YES;
				CLANG_ANALYZER_NUMBER_OBJECT_CONVERSION = YES_AGGRESSIVE;
				CLANG_CXX_LANGUAGE_STANDARD = "gnu++20";
				CLANG_ENABLE_MODULES = YES;
				CLANG_ENABLE_OBJC_ARC = YES;
				CLANG_ENABLE_OBJC_WEAK = YES;
				CLANG_WARN_BLOCK_CAPTURE_AUTORELEASING = YES;
				CLANG_WARN_BOOL_CONVERSION = YES;
				CLANG_WARN_COMMA = YES;
				CLANG_WARN_CONSTANT_CONVERSION = YES;
				CLANG_WARN_DEPRECATED_OBJC_IMPLEMENTATIONS = YES;
				CLANG_WARN_DIRECT_OBJC_ISA_USAGE = YES_ERROR;
				CLANG_WARN_DOCUMENTATION_COMMENTS = YES;
				CLANG_WARN_EMPTY_BODY = YES;
				CLANG_WARN_ENUM_CONVERSION = YES;
				CLANG_WARN_INFINITE_RECURSION = YES;
				CLANG_WARN_INT_CONVERSION = YES;
				CLANG_WARN_NON_LITERAL_NULL_CONVERSION = YES;
				CLANG_WARN_OBJC_IMPLICIT_RETAIN_SELF = YES;
				CLANG_WARN_OBJC_LITERAL_CONVERSION = YES;
				CLANG_WARN_OBJC_ROOT_CLASS = YES_ERROR;
				CLANG_WARN_QUOTED_INCLUDE_IN_FRAMEWORK_HEADER = YES;
				CLANG_WARN_RANGE_LOOP_ANALYSIS = YES;
				CLANG_WARN_STRICT_PROTOTYPES = YES;
				CLANG_WARN_SUSPICIOUS_MOVE = YES;
				CLANG_WARN_UNGUARDED_AVAILABILITY = YES_AGGRESSIVE;
				CLANG_WARN_UNREACHABLE_CODE = YES;
				CLANG_WARN__DUPLICATE_METHOD_MATCH = YES;
				COPY_PHASE_STRIP = NO;
				DEBUG_INFORMATION_FORMAT = dwarf;
				ENABLE_STRICT_OBJC_MSGSEND = YES;
				ENABLE_TESTABILITY = YES;
				ENABLE_USER_SCRIPT_SANDBOXING = YES;
				GCC_C_LANGUAGE_STANDARD = gnu11;
				GCC_DYNAMIC_NO_PIC = NO;
				GCC_NO_COMMON_BLOCKS = YES;
				GCC_OPTIMIZATION_LEVEL = 0;
				GCC_PREPROCESSOR_DEFINITIONS = (
					"DEBUG=1",
					"$(inherited)",
				);
				GCC_WARN_64_TO_32_BIT_CONVERSION = YES;
				GCC_WARN_ABOUT_RETURN_TYPE = YES_ERROR;
				GCC_WARN_UNDECLARED_SELECTOR = YES;
				GCC_WARN_UNINITIALIZED_AUTOS = YES_AGGRESSIVE;
				GCC_WARN_UNUSED_FUNCTION = YES;
				GCC_WARN_UNUSED_VARIABLE = YES;
				IPHONEOS_DEPLOYMENT_TARGET = 16.4;
				MTL_ENABLE_DEBUG_INFO = INCLUDE_SOURCE;
				MTL_FAST_MATH = YES;
				ONLY_ACTIVE_ARCH = YES;
				SDKROOT = iphoneos;
				SWIFT_ACTIVE_COMPILATION_CONDITIONS = DEBUG;
				SWIFT_OPTIMIZATION_LEVEL = "-Onone";
			};
			name = Debug;
		};
		0CA8FAF32AE6B5410050D1A6 /* Release */ = {
			isa = XCBuildConfiguration;
			buildSettings = {
				ALWAYS_SEARCH_USER_PATHS = NO;
				CLANG_ANALYZER_NONNULL = YES;
				CLANG_ANALYZER_NUMBER_OBJECT_CONVERSION = YES_AGGRESSIVE;
				CLANG_CXX_LANGUAGE_STANDARD = "gnu++20";
				CLANG_ENABLE_MODULES = YES;
				CLANG_ENABLE_OBJC_ARC = YES;
				CLANG_ENABLE_OBJC_WEAK = YES;
				CLANG_WARN_BLOCK_CAPTURE_AUTORELEASING = YES;
				CLANG_WARN_BOOL_CONVERSION = YES;
				CLANG_WARN_COMMA = YES;
				CLANG_WARN_CONSTANT_CONVERSION = YES;
				CLANG_WARN_DEPRECATED_OBJC_IMPLEMENTATIONS = YES;
				CLANG_WARN_DIRECT_OBJC_ISA_USAGE = YES_ERROR;
				CLANG_WARN_DOCUMENTATION_COMMENTS = YES;
				CLANG_WARN_EMPTY_BODY = YES;
				CLANG_WARN_ENUM_CONVERSION = YES;
				CLANG_WARN_INFINITE_RECURSION = YES;
				CLANG_WARN_INT_CONVERSION = YES;
				CLANG_WARN_NON_LITERAL_NULL_CONVERSION = YES;
				CLANG_WARN_OBJC_IMPLICIT_RETAIN_SELF = YES;
				CLANG_WARN_OBJC_LITERAL_CONVERSION = YES;
				CLANG_WARN_OBJC_ROOT_CLASS = YES_ERROR;
				CLANG_WARN_QUOTED_INCLUDE_IN_FRAMEWORK_HEADER = YES;
				CLANG_WARN_RANGE_LOOP_ANALYSIS = YES;
				CLANG_WARN_STRICT_PROTOTYPES = YES;
				CLANG_WARN_SUSPICIOUS_MOVE = YES;
				CLANG_WARN_UNGUARDED_AVAILABILITY = YES_AGGRESSIVE;
				CLANG_WARN_UNREACHABLE_CODE = YES;
				CLANG_WARN__DUPLICATE_METHOD_MATCH = YES;
				COPY_PHASE_STRIP = NO;
				DEBUG_INFORMATION_FORMAT = "dwarf-with-dsym";
				ENABLE_NS_ASSERTIONS = NO;
				ENABLE_STRICT_OBJC_MSGSEND = YES;
				ENABLE_USER_SCRIPT_SANDBOXING = YES;
				GCC_C_LANGUAGE_STANDARD = gnu11;
				GCC_NO_COMMON_BLOCKS = YES;
				GCC_WARN_64_TO_32_BIT_CONVERSION = YES;
				GCC_WARN_ABOUT_RETURN_TYPE = YES_ERROR;
				GCC_WARN_UNDECLARED_SELECTOR = YES;
				GCC_WARN_UNINITIALIZED_AUTOS = YES_AGGRESSIVE;
				GCC_WARN_UNUSED_FUNCTION = YES;
				GCC_WARN_UNUSED_VARIABLE = YES;
				IPHONEOS_DEPLOYMENT_TARGET = 16.4;
				MTL_ENABLE_DEBUG_INFO = NO;
				MTL_FAST_MATH = YES;
				SDKROOT = iphoneos;
				SWIFT_COMPILATION_MODE = wholemodule;
				SWIFT_OPTIMIZATION_LEVEL = "-O";
				VALIDATE_PRODUCT = YES;
			};
			name = Release;
		};
		0CA8FAF52AE6B5410050D1A6 /* Debug */ = {
			isa = XCBuildConfiguration;
			buildSettings = {
				ASSETCATALOG_COMPILER_APPICON_NAME = AppIcon;
				ASSETCATALOG_COMPILER_GLOBAL_ACCENT_COLOR_NAME = AccentColor;
				CODE_SIGN_STYLE = Automatic;
				CURRENT_PROJECT_VERSION = 1;
				DEVELOPMENT_ASSET_PATHS = "\"LandMarksApp/Preview Content\"";
				DEVELOPMENT_TEAM = Y89LJ6BC92;
				ENABLE_PREVIEWS = YES;
				GENERATE_INFOPLIST_FILE = YES;
				INFOPLIST_KEY_UIApplicationSceneManifest_Generation = YES;
				INFOPLIST_KEY_UIApplicationSupportsIndirectInputEvents = YES;
				INFOPLIST_KEY_UILaunchScreen_Generation = YES;
				INFOPLIST_KEY_UISupportedInterfaceOrientations_iPad = "UIInterfaceOrientationPortrait UIInterfaceOrientationPortraitUpsideDown UIInterfaceOrientationLandscapeLeft UIInterfaceOrientationLandscapeRight";
				INFOPLIST_KEY_UISupportedInterfaceOrientations_iPhone = "UIInterfaceOrientationPortrait UIInterfaceOrientationLandscapeLeft UIInterfaceOrientationLandscapeRight";
				LD_RUNPATH_SEARCH_PATHS = (
					"$(inherited)",
					"@executable_path/Frameworks",
				);
				MARKETING_VERSION = 1.0;
				PRODUCT_BUNDLE_IDENTIFIER = com.yyjyyj333.LandMarksApp;
				PRODUCT_NAME = "$(TARGET_NAME)";
				SWIFT_EMIT_LOC_STRINGS = YES;
				SWIFT_VERSION = 5.0;
				TARGETED_DEVICE_FAMILY = "1,2";
			};
			name = Debug;
		};
		0CA8FAF62AE6B5410050D1A6 /* Release */ = {
			isa = XCBuildConfiguration;
			buildSettings = {
				ASSETCATALOG_COMPILER_APPICON_NAME = AppIcon;
				ASSETCATALOG_COMPILER_GLOBAL_ACCENT_COLOR_NAME = AccentColor;
				CODE_SIGN_STYLE = Automatic;
				CURRENT_PROJECT_VERSION = 1;
				DEVELOPMENT_ASSET_PATHS = "\"LandMarksApp/Preview Content\"";
				DEVELOPMENT_TEAM = Y89LJ6BC92;
				ENABLE_PREVIEWS = YES;
				GENERATE_INFOPLIST_FILE = YES;
				INFOPLIST_KEY_UIApplicationSceneManifest_Generation = YES;
				INFOPLIST_KEY_UIApplicationSupportsIndirectInputEvents = YES;
				INFOPLIST_KEY_UILaunchScreen_Generation = YES;
				INFOPLIST_KEY_UISupportedInterfaceOrientations_iPad = "UIInterfaceOrientationPortrait UIInterfaceOrientationPortraitUpsideDown UIInterfaceOrientationLandscapeLeft UIInterfaceOrientationLandscapeRight";
				INFOPLIST_KEY_UISupportedInterfaceOrientations_iPhone = "UIInterfaceOrientationPortrait UIInterfaceOrientationLandscapeLeft UIInterfaceOrientationLandscapeRight";
				LD_RUNPATH_SEARCH_PATHS = (
					"$(inherited)",
					"@executable_path/Frameworks",
				);
				MARKETING_VERSION = 1.0;
				PRODUCT_BUNDLE_IDENTIFIER = com.yyjyyj333.LandMarksApp;
				PRODUCT_NAME = "$(TARGET_NAME)";
				SWIFT_EMIT_LOC_STRINGS = YES;
				SWIFT_VERSION = 5.0;
				TARGETED_DEVICE_FAMILY = "1,2";
			};
			name = Release;
		};
/* End XCBuildConfiguration section */

/* Begin XCConfigurationList section */
		0CA8FAE12AE6B5400050D1A6 /* Build configuration list for PBXProject "LandMarksApp" */ = {
			isa = XCConfigurationList;
			buildConfigurations = (
				0CA8FAF22AE6B5410050D1A6 /* Debug */,
				0CA8FAF32AE6B5410050D1A6 /* Release */,
			);
			defaultConfigurationIsVisible = 0;
			defaultConfigurationName = Release;
		};
		0CA8FAF42AE6B5410050D1A6 /* Build configuration list for PBXNativeTarget "LandMarksApp" */ = {
			isa = XCConfigurationList;
			buildConfigurations = (
				0CA8FAF52AE6B5410050D1A6 /* Debug */,
				0CA8FAF62AE6B5410050D1A6 /* Release */,
			);
			defaultConfigurationIsVisible = 0;
			defaultConfigurationName = Release;
		};
/* End XCConfigurationList section */
	};
	rootObject = 0CA8FADE2AE6B5400050D1A6 /* Project object */;
}
